
Microsoft Visual Studio Solution File, Format Version 12.00
# Visual Studio Version 16
VisualStudioVersion = 16.0.29613.14
MinimumVisualStudioVersion = 10.0.40219.1
Project("{FAE04EC0-301F-11D3-BF4B-00C04F79EFBC}") = "GTA11Y", "GTA\GTA11Y.csproj", "{AFAEC685-5E7B-46F0-9E26-1695C7CA1375}"
EndProject
Global
	GlobalSection(SolutionConfigurationPlatforms) = preSolution
		Debug|Any CPU = Debug|Any CPU
		Debug|x64 = Debug|x64
		Release|Any CPU = Release|Any CPU
		Release|x64 = Release|x64
	EndGlobalSection
	GlobalSection(ProjectConfigurationPlatforms) = postSolution
		{AFAEC685-5E7B-46F0-9E26-1695C7CA1375}.Debug|Any CPU.ActiveCfg = Debug|Any CPU
		{AFAEC685-5E7B-46F0-9E26-1695C7CA1375}.Debug|Any CPU.Build.0 = Debug|Any CPU
		{AFAEC685-5E7B-46F0-9E26-1695C7CA1375}.Debug|x64.ActiveCfg = Debug|x64
		{AFAEC685-5E7B-46F0-9E26-1695C7CA1375}.Debug|x64.Build.0 = Debug|x64
		{AFAEC685-5E7B-46F0-9E26-1695C7CA1375}.Release|Any CPU.ActiveCfg = Release|Any CPU
		{AFAEC685-5E7B-46F0-9E26-1695C7CA1375}.Release|Any CPU.Build.0 = Release|Any CPU
		{AFAEC685-5E7B-46F0-9E26-1695C7CA1375}.Release|x64.ActiveCfg = Release|x64
		{AFAEC685-5E7B-46F0-9E26-1695C7CA1375}.Release|x64.Build.0 = Release|x64
	EndGlobalSection
	GlobalSection(SolutionProperties) = preSolution
		HideSolutionNode = FALSE
	EndGlobalSection
	GlobalSection(ExtensibilityGlobals) = postSolution
		SolutionGuid = {EE7D0BBF-E94A-4BCC-9721-04BC4981D9F8}
	EndGlobalSection
EndGlobal
